
Microsoft Visual Studio Solution File, Format Version 12.00
# Visual Studio 14
VisualStudioVersion = 14.0.25420.1
MinimumVisualStudioVersion = 10.0.40219.1
Project("{FAE04EC0-301F-11D3-BF4B-00C04F79EFBC}") = "Settings_Play", "Settings_Play\Settings_Play.csproj", "{FAC74DD3-8B18-49C5-A494-20635C2FD5A9}"
EndProject
Project("{FAE04EC0-301F-11D3-BF4B-00C04F79EFBC}") = "EuroMemberWinService", "EuroMemberWinService\EuroMemberWinService.csproj", "{0D86E5D8-E62A-44B3-A597-791BC96975AA}"
EndProject
Global
	GlobalSection(SolutionConfigurationPlatforms) = preSolution
		Debug|Any CPU = Debug|Any CPU
		Release|Any CPU = Release|Any CPU
	EndGlobalSection
	GlobalSection(ProjectConfigurationPlatforms) = postSolution
		{FAC74DD3-8B18-49C5-A494-20635C2FD5A9}.Debug|Any CPU.ActiveCfg = Debug|Any CPU
		{FAC74DD3-8B18-49C5-A494-20635C2FD5A9}.Debug|Any CPU.Build.0 = Debug|Any CPU
		{FAC74DD3-8B18-49C5-A494-20635C2FD5A9}.Release|Any CPU.ActiveCfg = Release|Any CPU
		{FAC74DD3-8B18-49C5-A494-20635C2FD5A9}.Release|Any CPU.Build.0 = Release|Any CPU
		{0D86E5D8-E62A-44B3-A597-791BC96975AA}.Debug|Any CPU.ActiveCfg = Debug|Any CPU
		{0D86E5D8-E62A-44B3-A597-791BC96975AA}.Debug|Any CPU.Build.0 = Debug|Any CPU
		{0D86E5D8-E62A-44B3-A597-791BC96975AA}.Release|Any CPU.ActiveCfg = Release|Any CPU
		{0D86E5D8-E62A-44B3-A597-791BC96975AA}.Release|Any CPU.Build.0 = Release|Any CPU
	EndGlobalSection
	GlobalSection(SolutionProperties) = preSolution
		HideSolutionNode = FALSE
	EndGlobalSection
EndGlobal
